
Microsoft Visual Studio Solution File, Format Version 12.00
# Visual Studio Version 16
VisualStudioVersion = 16.0.32126.315
MinimumVisualStudioVersion = 10.0.40219.1
Project("{2150E333-8FDC-42A3-9474-1A3956D46DE8}") = "src", "src", "{F9AABC9C-7705-484D-861A-7818CA87FE64}"
EndProject
Project("{2150E333-8FDC-42A3-9474-1A3956D46DE8}") = "tests", "tests", "{9EF081A7-A001-40AE-98B1-371410432A2C}"
EndProject
Project("{FAE04EC0-301F-11D3-BF4B-00C04F79EFBC}") = "WebApplication.Server", "WebApplication\Server\WebApplication.Server.csproj", "{1132DA84-E0BE-4D1B-A61A-F686DCF619E1}"
EndProject
Project("{FAE04EC0-301F-11D3-BF4B-00C04F79EFBC}") = "WebApplication.Client", "WebApplication\Client\WebApplication.Client.csproj", "{01264D54-35BF-4BE0-816D-1E508024BDF2}"
EndProject
Project("{FAE04EC0-301F-11D3-BF4B-00C04F79EFBC}") = "WebApplication.Shared", "WebApplication\Shared\WebApplication.Shared.csproj", "{AA5C541C-CE77-41B8-8B6E-ECAA9882AF81}"
EndProject
Project("{FAE04EC0-301F-11D3-BF4B-00C04F79EFBC}") = "TestProject", "TestProject\TestProject.csproj", "{425A829B-F612-45F4-B5E6-A65E98D4A3A5}"
EndProject
Global
	GlobalSection(SolutionConfigurationPlatforms) = preSolution
		Debug|Any CPU = Debug|Any CPU
		Release|Any CPU = Release|Any CPU
	EndGlobalSection
	GlobalSection(ProjectConfigurationPlatforms) = postSolution
		{1132DA84-E0BE-4D1B-A61A-F686DCF619E1}.Debug|Any CPU.ActiveCfg = Debug|Any CPU
		{1132DA84-E0BE-4D1B-A61A-F686DCF619E1}.Debug|Any CPU.Build.0 = Debug|Any CPU
		{1132DA84-E0BE-4D1B-A61A-F686DCF619E1}.Release|Any CPU.ActiveCfg = Release|Any CPU
		{1132DA84-E0BE-4D1B-A61A-F686DCF619E1}.Release|Any CPU.Build.0 = Release|Any CPU
		{01264D54-35BF-4BE0-816D-1E508024BDF2}.Debug|Any CPU.ActiveCfg = Debug|Any CPU
		{01264D54-35BF-4BE0-816D-1E508024BDF2}.Debug|Any CPU.Build.0 = Debug|Any CPU
		{01264D54-35BF-4BE0-816D-1E508024BDF2}.Release|Any CPU.ActiveCfg = Release|Any CPU
		{01264D54-35BF-4BE0-816D-1E508024BDF2}.Release|Any CPU.Build.0 = Release|Any CPU
		{AA5C541C-CE77-41B8-8B6E-ECAA9882AF81}.Debug|Any CPU.ActiveCfg = Debug|Any CPU
		{AA5C541C-CE77-41B8-8B6E-ECAA9882AF81}.Debug|Any CPU.Build.0 = Debug|Any CPU
		{AA5C541C-CE77-41B8-8B6E-ECAA9882AF81}.Release|Any CPU.ActiveCfg = Release|Any CPU
		{AA5C541C-CE77-41B8-8B6E-ECAA9882AF81}.Release|Any CPU.Build.0 = Release|Any CPU
		{425A829B-F612-45F4-B5E6-A65E98D4A3A5}.Debug|Any CPU.ActiveCfg = Debug|Any CPU
		{425A829B-F612-45F4-B5E6-A65E98D4A3A5}.Debug|Any CPU.Build.0 = Debug|Any CPU
		{425A829B-F612-45F4-B5E6-A65E98D4A3A5}.Release|Any CPU.ActiveCfg = Release|Any CPU
		{425A829B-F612-45F4-B5E6-A65E98D4A3A5}.Release|Any CPU.Build.0 = Release|Any CPU
	EndGlobalSection
	GlobalSection(SolutionProperties) = preSolution
		HideSolutionNode = FALSE
	EndGlobalSection
	GlobalSection(NestedProjects) = preSolution
		{1132DA84-E0BE-4D1B-A61A-F686DCF619E1} = {F9AABC9C-7705-484D-861A-7818CA87FE64}
		{01264D54-35BF-4BE0-816D-1E508024BDF2} = {F9AABC9C-7705-484D-861A-7818CA87FE64}
		{AA5C541C-CE77-41B8-8B6E-ECAA9882AF81} = {F9AABC9C-7705-484D-861A-7818CA87FE64}
		{425A829B-F612-45F4-B5E6-A65E98D4A3A5} = {9EF081A7-A001-40AE-98B1-371410432A2C}
	EndGlobalSection
	GlobalSection(ExtensibilityGlobals) = postSolution
		SolutionGuid = {871D3EA8-2170-4C56-84C4-4D89475E02FD}
	EndGlobalSection
EndGlobal
